
Microsoft Visual Studio Solution File, Format Version 12.00
# Visual Studio Version 16
VisualStudioVersion = 16.0.30523.141
MinimumVisualStudioVersion = 10.0.40219.1
Project("{FAE04EC0-301F-11D3-BF4B-00C04F79EFBC}") = "GenerareDateAntrenament-Laborator_1", "GenerareDateAntrenament-Laborator_1\GenerareDateAntrenament-Laborator_1.csproj", "{8DC3A319-6D85-4949-B51D-790FD863C828}"
EndProject
Project("{FAE04EC0-301F-11D3-BF4B-00C04F79EFBC}") = "KMeans-Laborator_2", "KMeans-Laborator_2\KMeans-Laborator_2.csproj", "{F97A77D2-3C02-4BAA-8711-45A8915D7BCD}"
EndProject
Project("{FAE04EC0-301F-11D3-BF4B-00C04F79EFBC}") = "SOMKohonen-Laborator_3", "SOMKohonen-Laborator_3\SOMKohonen-Laborator_3.csproj", "{DA6CBF3D-7A4F-49AD-A713-96800C7546CD}"
EndProject
Global
	GlobalSection(SolutionConfigurationPlatforms) = preSolution
		Debug|Any CPU = Debug|Any CPU
		Release|Any CPU = Release|Any CPU
	EndGlobalSection
	GlobalSection(ProjectConfigurationPlatforms) = postSolution
		{8DC3A319-6D85-4949-B51D-790FD863C828}.Debug|Any CPU.ActiveCfg = Debug|Any CPU
		{8DC3A319-6D85-4949-B51D-790FD863C828}.Debug|Any CPU.Build.0 = Debug|Any CPU
		{8DC3A319-6D85-4949-B51D-790FD863C828}.Release|Any CPU.ActiveCfg = Release|Any CPU
		{8DC3A319-6D85-4949-B51D-790FD863C828}.Release|Any CPU.Build.0 = Release|Any CPU
		{F97A77D2-3C02-4BAA-8711-45A8915D7BCD}.Debug|Any CPU.ActiveCfg = Debug|Any CPU
		{F97A77D2-3C02-4BAA-8711-45A8915D7BCD}.Debug|Any CPU.Build.0 = Debug|Any CPU
		{F97A77D2-3C02-4BAA-8711-45A8915D7BCD}.Release|Any CPU.ActiveCfg = Release|Any CPU
		{F97A77D2-3C02-4BAA-8711-45A8915D7BCD}.Release|Any CPU.Build.0 = Release|Any CPU
		{DA6CBF3D-7A4F-49AD-A713-96800C7546CD}.Debug|Any CPU.ActiveCfg = Debug|Any CPU
		{DA6CBF3D-7A4F-49AD-A713-96800C7546CD}.Debug|Any CPU.Build.0 = Debug|Any CPU
		{DA6CBF3D-7A4F-49AD-A713-96800C7546CD}.Release|Any CPU.ActiveCfg = Release|Any CPU
		{DA6CBF3D-7A4F-49AD-A713-96800C7546CD}.Release|Any CPU.Build.0 = Release|Any CPU
	EndGlobalSection
	GlobalSection(SolutionProperties) = preSolution
		HideSolutionNode = FALSE
	EndGlobalSection
	GlobalSection(ExtensibilityGlobals) = postSolution
		SolutionGuid = {A7A96A43-8B1A-468F-8AF2-562C5CDC05E2}
	EndGlobalSection
EndGlobal
